
Microsoft Visual Studio Solution File, Format Version 12.00
# Visual Studio 15
VisualStudioVersion = 15.0.28307.168
MinimumVisualStudioVersion = 10.0.40219.1
Project("{9A19103F-16F7-4668-BE54-9A1E7A4F7556}") = "QAFoodApi", "QAFoodApi.csproj", "{D67310B2-E784-4B92-98B4-52E69E7021D4}"
EndProject
Project("{9A19103F-16F7-4668-BE54-9A1E7A4F7556}") = "QAFoodDb", "..\QAFoodDb\QAFoodDb.csproj", "{0FB09FFE-4234-4370-89F4-859A6AD35440}"
EndProject
Project("{9A19103F-16F7-4668-BE54-9A1E7A4F7556}") = "QAFoods", "..\QAFoods\QAFoods.csproj", "{82ABE11C-97EF-4841-A7EE-8C1DD458F327}"
EndProject
Global
	GlobalSection(SolutionConfigurationPlatforms) = preSolution
		Debug|Any CPU = Debug|Any CPU
		Release|Any CPU = Release|Any CPU
	EndGlobalSection
	GlobalSection(ProjectConfigurationPlatforms) = postSolution
		{D67310B2-E784-4B92-98B4-52E69E7021D4}.Debug|Any CPU.ActiveCfg = Debug|Any CPU
		{D67310B2-E784-4B92-98B4-52E69E7021D4}.Debug|Any CPU.Build.0 = Debug|Any CPU
		{D67310B2-E784-4B92-98B4-52E69E7021D4}.Release|Any CPU.ActiveCfg = Release|Any CPU
		{D67310B2-E784-4B92-98B4-52E69E7021D4}.Release|Any CPU.Build.0 = Release|Any CPU
		{0FB09FFE-4234-4370-89F4-859A6AD35440}.Debug|Any CPU.ActiveCfg = Debug|Any CPU
		{0FB09FFE-4234-4370-89F4-859A6AD35440}.Debug|Any CPU.Build.0 = Debug|Any CPU
		{0FB09FFE-4234-4370-89F4-859A6AD35440}.Release|Any CPU.ActiveCfg = Release|Any CPU
		{0FB09FFE-4234-4370-89F4-859A6AD35440}.Release|Any CPU.Build.0 = Release|Any CPU
		{82ABE11C-97EF-4841-A7EE-8C1DD458F327}.Debug|Any CPU.ActiveCfg = Debug|Any CPU
		{82ABE11C-97EF-4841-A7EE-8C1DD458F327}.Debug|Any CPU.Build.0 = Debug|Any CPU
		{82ABE11C-97EF-4841-A7EE-8C1DD458F327}.Release|Any CPU.ActiveCfg = Release|Any CPU
		{82ABE11C-97EF-4841-A7EE-8C1DD458F327}.Release|Any CPU.Build.0 = Release|Any CPU
	EndGlobalSection
	GlobalSection(SolutionProperties) = preSolution
		HideSolutionNode = FALSE
	EndGlobalSection
	GlobalSection(ExtensibilityGlobals) = postSolution
		SolutionGuid = {7850BAA2-2EA6-4A9C-8B04-32BA6C814DF7}
	EndGlobalSection
EndGlobal
